
Microsoft Visual Studio Solution File, Format Version 12.00
# Visual Studio Version 17
VisualStudioVersion = 17.0.31717.71
MinimumVisualStudioVersion = 10.0.40219.1
Project("{FAE04EC0-301F-11D3-BF4B-00C04F79EFBC}") = "Assignment5", "Assignment5.csproj", "{3EAC8D32-248F-41BD-9BC6-1611494A603E}"
EndProject
Global
	GlobalSection(SolutionConfigurationPlatforms) = preSolution
		Debug|Any CPU = Debug|Any CPU
		Release|Any CPU = Release|Any CPU
	EndGlobalSection
	GlobalSection(ProjectConfigurationPlatforms) = postSolution
		{3EAC8D32-248F-41BD-9BC6-1611494A603E}.Debug|Any CPU.ActiveCfg = Debug|Any CPU
		{3EAC8D32-248F-41BD-9BC6-1611494A603E}.Debug|Any CPU.Build.0 = Debug|Any CPU
		{3EAC8D32-248F-41BD-9BC6-1611494A603E}.Release|Any CPU.ActiveCfg = Release|Any CPU
		{3EAC8D32-248F-41BD-9BC6-1611494A603E}.Release|Any CPU.Build.0 = Release|Any CPU
	EndGlobalSection
	GlobalSection(SolutionProperties) = preSolution
		HideSolutionNode = FALSE
	EndGlobalSection
	GlobalSection(ExtensibilityGlobals) = postSolution
		SolutionGuid = {227F9598-7B72-46E6-9490-81AC4C7824FC}
	EndGlobalSection
EndGlobal
